
Microsoft Visual Studio Solution File, Format Version 12.00
# Visual Studio Version 17
VisualStudioVersion = 17.14.36623.8
MinimumVisualStudioVersion = 10.0.40219.1
Project("{FAE04EC0-301F-11D3-BF4B-00C04F79EFBC}") = "ACleanAPI", "ACleanAPI\ACleanAPI.csproj", "{F64C6D9E-68A2-4716-B06D-10D9D59CE0D8}"
EndProject
Project("{FAE04EC0-301F-11D3-BF4B-00C04F79EFBC}") = "ACleanAPI.API", "ACleanAPI.API\ACleanAPI.API.csproj", "{9410D32C-A66B-4C77-A513-031BBB5AEA53}"
EndProject
Project("{FAE04EC0-301F-11D3-BF4B-00C04F79EFBC}") = "ACleanAPI.Application", "ACleanAPI.Application\ACleanAPI.Application.csproj", "{5BAF9F21-0F19-4C67-8838-A64C830977B0}"
EndProject
Project("{FAE04EC0-301F-11D3-BF4B-00C04F79EFBC}") = "ACleanAPI.Domain", "ACleanAPI.Domain\ACleanAPI.Domain.csproj", "{178AF063-38EA-49D4-BD9E-A01AAEECC89E}"
EndProject
Project("{FAE04EC0-301F-11D3-BF4B-00C04F79EFBC}") = "ACleanAPI.Infrastructure", "ACleanAPI.Infrastructure\ACleanAPI.Infrastructure.csproj", "{3C44079E-7B6C-443F-BC2A-1968FEFD20EB}"
EndProject
Global
	GlobalSection(SolutionConfigurationPlatforms) = preSolution
		Debug|Any CPU = Debug|Any CPU
		Release|Any CPU = Release|Any CPU
	EndGlobalSection
	GlobalSection(ProjectConfigurationPlatforms) = postSolution
		{F64C6D9E-68A2-4716-B06D-10D9D59CE0D8}.Debug|Any CPU.ActiveCfg = Debug|Any CPU
		{F64C6D9E-68A2-4716-B06D-10D9D59CE0D8}.Debug|Any CPU.Build.0 = Debug|Any CPU
		{F64C6D9E-68A2-4716-B06D-10D9D59CE0D8}.Release|Any CPU.ActiveCfg = Release|Any CPU
		{F64C6D9E-68A2-4716-B06D-10D9D59CE0D8}.Release|Any CPU.Build.0 = Release|Any CPU
		{9410D32C-A66B-4C77-A513-031BBB5AEA53}.Debug|Any CPU.ActiveCfg = Debug|Any CPU
		{9410D32C-A66B-4C77-A513-031BBB5AEA53}.Debug|Any CPU.Build.0 = Debug|Any CPU
		{9410D32C-A66B-4C77-A513-031BBB5AEA53}.Release|Any CPU.ActiveCfg = Release|Any CPU
		{9410D32C-A66B-4C77-A513-031BBB5AEA53}.Release|Any CPU.Build.0 = Release|Any CPU
		{5BAF9F21-0F19-4C67-8838-A64C830977B0}.Debug|Any CPU.ActiveCfg = Debug|Any CPU
		{5BAF9F21-0F19-4C67-8838-A64C830977B0}.Debug|Any CPU.Build.0 = Debug|Any CPU
		{5BAF9F21-0F19-4C67-8838-A64C830977B0}.Release|Any CPU.ActiveCfg = Release|Any CPU
		{5BAF9F21-0F19-4C67-8838-A64C830977B0}.Release|Any CPU.Build.0 = Release|Any CPU
		{178AF063-38EA-49D4-BD9E-A01AAEECC89E}.Debug|Any CPU.ActiveCfg = Debug|Any CPU
		{178AF063-38EA-49D4-BD9E-A01AAEECC89E}.Debug|Any CPU.Build.0 = Debug|Any CPU
		{178AF063-38EA-49D4-BD9E-A01AAEECC89E}.Release|Any CPU.ActiveCfg = Release|Any CPU
		{178AF063-38EA-49D4-BD9E-A01AAEECC89E}.Release|Any CPU.Build.0 = Release|Any CPU
		{3C44079E-7B6C-443F-BC2A-1968FEFD20EB}.Debug|Any CPU.ActiveCfg = Debug|Any CPU
		{3C44079E-7B6C-443F-BC2A-1968FEFD20EB}.Debug|Any CPU.Build.0 = Debug|Any CPU
		{3C44079E-7B6C-443F-BC2A-1968FEFD20EB}.Release|Any CPU.ActiveCfg = Release|Any CPU
		{3C44079E-7B6C-443F-BC2A-1968FEFD20EB}.Release|Any CPU.Build.0 = Release|Any CPU
	EndGlobalSection
	GlobalSection(SolutionProperties) = preSolution
		HideSolutionNode = FALSE
	EndGlobalSection
	GlobalSection(ExtensibilityGlobals) = postSolution
		SolutionGuid = {8D0A88F1-39FE-4F23-BEC0-16240380E1F6}
	EndGlobalSection
EndGlobal
