
Microsoft Visual Studio Solution File, Format Version 12.00
# Visual Studio Version 17
VisualStudioVersion = 17.14.36623.8
MinimumVisualStudioVersion = 10.0.40219.1
Project("{FAE04EC0-301F-11D3-BF4B-00C04F79EFBC}") = "ACleanAPI", "ACleanAPI\ACleanAPI.csproj", "{F64C6D9E-68A2-4716-B06D-10D9D59CE0D8}"
EndProject
Project("{FAE04EC0-301F-11D3-BF4B-00C04F79EFBC}") = "ACleanAPI.Example.API", "ACleanAPI.Example.API\ACleanAPI.Example.API.csproj", "{9410D32C-A66B-4C77-A513-031BBB5AEA53}"
EndProject
Project("{FAE04EC0-301F-11D3-BF4B-00C04F79EFBC}") = "ACleanAPI.Example.Application", "ACleanAPI.Example.Application\ACleanAPI.Example.Application.csproj", "{5BAF9F21-0F19-4C67-8838-A64C830977B0}"
EndProject
Project("{FAE04EC0-301F-11D3-BF4B-00C04F79EFBC}") = "ACleanAPI.Example.Domain", "ACleanAPI.Example.Domain\ACleanAPI.Example.Domain.csproj", "{178AF063-38EA-49D4-BD9E-A01AAEECC89E}"
EndProject
Project("{FAE04EC0-301F-11D3-BF4B-00C04F79EFBC}") = "ACleanAPI.Example.Infrastructure", "ACleanAPI.Example.Infrastructure\ACleanAPI.Example.Infrastructure.csproj", "{3C44079E-7B6C-443F-BC2A-1968FEFD20EB}"
EndProject
Project("{2150E333-8FDC-42A3-9474-1A3956D46DE8}") = "Example", "Example", "{02EA681E-C7D8-13C7-8484-4AC65E1B71E8}"
EndProject
Project("{FAE04EC0-301F-11D3-BF4B-00C04F79EFBC}") = "ACleanAPI.Tests", "ACleanAPI.Tests\ACleanAPI.Tests.csproj", "{3A4D81A0-AA7A-463D-A595-B8459B0CB73B}"
EndProject
Project("{FAE04EC0-301F-11D3-BF4B-00C04F79EFBC}") = "ACleanAPI.Example.API.Tests", "ACleanAPI.Example.API.Tests\ACleanAPI.Example.API.Tests.csproj", "{9F669878-74F7-42F8-8146-B5C846317E53}"
EndProject
Project("{FAE04EC0-301F-11D3-BF4B-00C04F79EFBC}") = "ACleanAPI.Example.Application.Tests", "ACleanAPI.Example.Application.Tests\ACleanAPI.Example.Application.Tests.csproj", "{5F7CC0AE-7D87-4C67-8B52-256708D20158}"
EndProject
Project("{FAE04EC0-301F-11D3-BF4B-00C04F79EFBC}") = "ACleanAPI.Example.Domain.Tests", "ACleanAPI.Example.Domain.Tests\ACleanAPI.Example.Domain.Tests.csproj", "{277AB32C-17C4-4C17-AE5F-DC32DA20ED8D}"
EndProject
Project("{FAE04EC0-301F-11D3-BF4B-00C04F79EFBC}") = "ACleanAPI.Example.Infrastructure.Tests", "ACleanAPI.Example.Infrastructure.Tests\ACleanAPI.Example.Infrastructure.Tests.csproj", "{2B5CEA75-F392-406F-B7F9-6D2DB5FCFD83}"
EndProject
Project("{2150E333-8FDC-42A3-9474-1A3956D46DE8}") = "Tests", "Tests", "{99312F43-1306-4169-9D0E-34B98C25DECE}"
EndProject
Project("{2150E333-8FDC-42A3-9474-1A3956D46DE8}") = "Éléments de solution", "Éléments de solution", "{9C8CB701-102D-CF49-A3E0-89AC09D42C2C}"
	ProjectSection(SolutionItems) = preProject
		test.runsettings = test.runsettings
	EndProjectSection
EndProject
Global
	GlobalSection(SolutionConfigurationPlatforms) = preSolution
		Debug|Any CPU = Debug|Any CPU
		Release|Any CPU = Release|Any CPU
	EndGlobalSection
	GlobalSection(ProjectConfigurationPlatforms) = postSolution
		{F64C6D9E-68A2-4716-B06D-10D9D59CE0D8}.Debug|Any CPU.ActiveCfg = Debug|Any CPU
		{F64C6D9E-68A2-4716-B06D-10D9D59CE0D8}.Debug|Any CPU.Build.0 = Debug|Any CPU
		{F64C6D9E-68A2-4716-B06D-10D9D59CE0D8}.Release|Any CPU.ActiveCfg = Release|Any CPU
		{F64C6D9E-68A2-4716-B06D-10D9D59CE0D8}.Release|Any CPU.Build.0 = Release|Any CPU
		{9410D32C-A66B-4C77-A513-031BBB5AEA53}.Debug|Any CPU.ActiveCfg = Debug|Any CPU
		{9410D32C-A66B-4C77-A513-031BBB5AEA53}.Debug|Any CPU.Build.0 = Debug|Any CPU
		{9410D32C-A66B-4C77-A513-031BBB5AEA53}.Release|Any CPU.ActiveCfg = Release|Any CPU
		{9410D32C-A66B-4C77-A513-031BBB5AEA53}.Release|Any CPU.Build.0 = Release|Any CPU
		{5BAF9F21-0F19-4C67-8838-A64C830977B0}.Debug|Any CPU.ActiveCfg = Debug|Any CPU
		{5BAF9F21-0F19-4C67-8838-A64C830977B0}.Debug|Any CPU.Build.0 = Debug|Any CPU
		{5BAF9F21-0F19-4C67-8838-A64C830977B0}.Release|Any CPU.ActiveCfg = Release|Any CPU
		{5BAF9F21-0F19-4C67-8838-A64C830977B0}.Release|Any CPU.Build.0 = Release|Any CPU
		{178AF063-38EA-49D4-BD9E-A01AAEECC89E}.Debug|Any CPU.ActiveCfg = Debug|Any CPU
		{178AF063-38EA-49D4-BD9E-A01AAEECC89E}.Debug|Any CPU.Build.0 = Debug|Any CPU
		{178AF063-38EA-49D4-BD9E-A01AAEECC89E}.Release|Any CPU.ActiveCfg = Release|Any CPU
		{178AF063-38EA-49D4-BD9E-A01AAEECC89E}.Release|Any CPU.Build.0 = Release|Any CPU
		{3C44079E-7B6C-443F-BC2A-1968FEFD20EB}.Debug|Any CPU.ActiveCfg = Debug|Any CPU
		{3C44079E-7B6C-443F-BC2A-1968FEFD20EB}.Debug|Any CPU.Build.0 = Debug|Any CPU
		{3C44079E-7B6C-443F-BC2A-1968FEFD20EB}.Release|Any CPU.ActiveCfg = Release|Any CPU
		{3C44079E-7B6C-443F-BC2A-1968FEFD20EB}.Release|Any CPU.Build.0 = Release|Any CPU
		{3A4D81A0-AA7A-463D-A595-B8459B0CB73B}.Debug|Any CPU.ActiveCfg = Debug|Any CPU
		{3A4D81A0-AA7A-463D-A595-B8459B0CB73B}.Debug|Any CPU.Build.0 = Debug|Any CPU
		{3A4D81A0-AA7A-463D-A595-B8459B0CB73B}.Release|Any CPU.ActiveCfg = Release|Any CPU
		{3A4D81A0-AA7A-463D-A595-B8459B0CB73B}.Release|Any CPU.Build.0 = Release|Any CPU
		{9F669878-74F7-42F8-8146-B5C846317E53}.Debug|Any CPU.ActiveCfg = Debug|Any CPU
		{9F669878-74F7-42F8-8146-B5C846317E53}.Debug|Any CPU.Build.0 = Debug|Any CPU
		{9F669878-74F7-42F8-8146-B5C846317E53}.Release|Any CPU.ActiveCfg = Release|Any CPU
		{9F669878-74F7-42F8-8146-B5C846317E53}.Release|Any CPU.Build.0 = Release|Any CPU
		{5F7CC0AE-7D87-4C67-8B52-256708D20158}.Debug|Any CPU.ActiveCfg = Debug|Any CPU
		{5F7CC0AE-7D87-4C67-8B52-256708D20158}.Debug|Any CPU.Build.0 = Debug|Any CPU
		{5F7CC0AE-7D87-4C67-8B52-256708D20158}.Release|Any CPU.ActiveCfg = Release|Any CPU
		{5F7CC0AE-7D87-4C67-8B52-256708D20158}.Release|Any CPU.Build.0 = Release|Any CPU
		{277AB32C-17C4-4C17-AE5F-DC32DA20ED8D}.Debug|Any CPU.ActiveCfg = Debug|Any CPU
		{277AB32C-17C4-4C17-AE5F-DC32DA20ED8D}.Debug|Any CPU.Build.0 = Debug|Any CPU
		{277AB32C-17C4-4C17-AE5F-DC32DA20ED8D}.Release|Any CPU.ActiveCfg = Release|Any CPU
		{277AB32C-17C4-4C17-AE5F-DC32DA20ED8D}.Release|Any CPU.Build.0 = Release|Any CPU
		{2B5CEA75-F392-406F-B7F9-6D2DB5FCFD83}.Debug|Any CPU.ActiveCfg = Debug|Any CPU
		{2B5CEA75-F392-406F-B7F9-6D2DB5FCFD83}.Debug|Any CPU.Build.0 = Debug|Any CPU
		{2B5CEA75-F392-406F-B7F9-6D2DB5FCFD83}.Release|Any CPU.ActiveCfg = Release|Any CPU
		{2B5CEA75-F392-406F-B7F9-6D2DB5FCFD83}.Release|Any CPU.Build.0 = Release|Any CPU
	EndGlobalSection
	GlobalSection(SolutionProperties) = preSolution
		HideSolutionNode = FALSE
	EndGlobalSection
	GlobalSection(NestedProjects) = preSolution
		{9410D32C-A66B-4C77-A513-031BBB5AEA53} = {02EA681E-C7D8-13C7-8484-4AC65E1B71E8}
		{5BAF9F21-0F19-4C67-8838-A64C830977B0} = {02EA681E-C7D8-13C7-8484-4AC65E1B71E8}
		{178AF063-38EA-49D4-BD9E-A01AAEECC89E} = {02EA681E-C7D8-13C7-8484-4AC65E1B71E8}
		{3C44079E-7B6C-443F-BC2A-1968FEFD20EB} = {02EA681E-C7D8-13C7-8484-4AC65E1B71E8}
		{9F669878-74F7-42F8-8146-B5C846317E53} = {99312F43-1306-4169-9D0E-34B98C25DECE}
		{5F7CC0AE-7D87-4C67-8B52-256708D20158} = {99312F43-1306-4169-9D0E-34B98C25DECE}
		{277AB32C-17C4-4C17-AE5F-DC32DA20ED8D} = {99312F43-1306-4169-9D0E-34B98C25DECE}
		{2B5CEA75-F392-406F-B7F9-6D2DB5FCFD83} = {99312F43-1306-4169-9D0E-34B98C25DECE}
		{99312F43-1306-4169-9D0E-34B98C25DECE} = {02EA681E-C7D8-13C7-8484-4AC65E1B71E8}
	EndGlobalSection
	GlobalSection(ExtensibilityGlobals) = postSolution
		SolutionGuid = {8D0A88F1-39FE-4F23-BEC0-16240380E1F6}
	EndGlobalSection
EndGlobal
